{
  "name": "openapi-doc",
  "version": "0.1.0",
  "lockfileVersion": 2,
  "requires": true,
  "packages": {
    "": {
      "name": "openapi-doc",
      "version": "0.1.0",
      "license": "ISC",
      "dependencies": {
        "@fosfad/openapi-typescript-definitions": "^0.0.28",
        "@types/node": "^20.4.10",
        "reflect-metadata": "^0.1.13"
      }
    },
    "node_modules/@fosfad/json-schema-typescript-definitions": {
      "version": "0.2.0",
      "resolved": "https://registry.npmjs.org/@fosfad/json-schema-typescript-definitions/-/json-schema-typescript-definitions-0.2.0.tgz",
      "integrity": "sha512-ea7ampnsKJZKi178um3hTten/orXWzghQSILCe0F3k7zmhtW/uP1LBncsxEroqR6hQyOvjPSdKJ8oDzX5USHew=="
    },
    "node_modules/@fosfad/openapi-typescript-definitions": {
      "version": "0.0.28",
      "resolved": "https://registry.npmjs.org/@fosfad/openapi-typescript-definitions/-/openapi-typescript-definitions-0.0.28.tgz",
      "integrity": "sha512-bzsevrh/HayUzWYuUPub9HmwcH2A/Z6gjsha+pCSyAEPVkF1+fr4ffEfcR6hwCtQIZqKwADJOcz5IL9sM1Us4A==",
      "dependencies": {
        "@fosfad/json-schema-typescript-definitions": "0.2.0"
      }
    },
    "node_modules/@types/node": {
      "version": "20.4.10",
      "resolved": "https://registry.npmjs.org/@types/node/-/node-20.4.10.tgz",
      "integrity": "sha512-vwzFiiy8Rn6E0MtA13/Cxxgpan/N6UeNYR9oUu6kuJWxu6zCk98trcDp8CBhbtaeuq9SykCmXkFr2lWLoPcvLg=="
    },
    "node_modules/reflect-metadata": {
      "version": "0.1.13",
      "resolved": "https://registry.npmjs.org/reflect-metadata/-/reflect-metadata-0.1.13.tgz",
      "integrity": "sha512-Ts1Y/anZELhSsjMcU605fU9RE4Oi3p5ORujwbIKXfWa+0Zxs510Qrmrce5/Jowq3cHSZSJqBjypxmHarc+vEWg=="
    }
  },
  "dependencies": {
    "@fosfad/json-schema-typescript-definitions": {
      "version": "0.2.0",
      "resolved": "https://registry.npmjs.org/@fosfad/json-schema-typescript-definitions/-/json-schema-typescript-definitions-0.2.0.tgz",
      "integrity": "sha512-ea7ampnsKJZKi178um3hTten/orXWzghQSILCe0F3k7zmhtW/uP1LBncsxEroqR6hQyOvjPSdKJ8oDzX5USHew=="
    },
    "@fosfad/openapi-typescript-definitions": {
      "version": "0.0.28",
      "resolved": "https://registry.npmjs.org/@fosfad/openapi-typescript-definitions/-/openapi-typescript-definitions-0.0.28.tgz",
      "integrity": "sha512-bzsevrh/HayUzWYuUPub9HmwcH2A/Z6gjsha+pCSyAEPVkF1+fr4ffEfcR6hwCtQIZqKwADJOcz5IL9sM1Us4A==",
      "requires": {
        "@fosfad/json-schema-typescript-definitions": "0.2.0"
      }
    },
    "@types/node": {
      "version": "20.4.10",
      "resolved": "https://registry.npmjs.org/@types/node/-/node-20.4.10.tgz",
      "integrity": "sha512-vwzFiiy8Rn6E0MtA13/Cxxgpan/N6UeNYR9oUu6kuJWxu6zCk98trcDp8CBhbtaeuq9SykCmXkFr2lWLoPcvLg=="
    },
    "reflect-metadata": {
      "version": "0.1.13",
      "resolved": "https://registry.npmjs.org/reflect-metadata/-/reflect-metadata-0.1.13.tgz",
      "integrity": "sha512-Ts1Y/anZELhSsjMcU605fU9RE4Oi3p5ORujwbIKXfWa+0Zxs510Qrmrce5/Jowq3cHSZSJqBjypxmHarc+vEWg=="
    }
  }
}
